
Microsoft Visual Studio Solution File, Format Version 12.00
# Visual Studio Version 16
VisualStudioVersion = 16.0.31624.102
MinimumVisualStudioVersion = 10.0.40219.1
Project("{9A19103F-16F7-4668-BE54-9A1E7A4F7556}") = "FirstWPFApplication", "FirstWPFApplication\FirstWPFApplication.csproj", "{F85BDC7D-6A11-40BC-BE62-46275887A0FB}"
EndProject
Project("{9A19103F-16F7-4668-BE54-9A1E7A4F7556}") = "WPF_with_class_review", "WPF_with_class_review\WPF_with_class_review.csproj", "{6B01113C-350F-4B33-BFFC-09554DD353ED}"
EndProject
Project("{9A19103F-16F7-4668-BE54-9A1E7A4F7556}") = "WPF_FizzBuzz", "WPF_FizzBuzz\WPF_FizzBuzz.csproj", "{98360486-5D7C-4A5A-A272-E534EAA6D6CB}"
EndProject
Project("{9A19103F-16F7-4668-BE54-9A1E7A4F7556}") = "WPF_Vowels_Consonants", "WPF_Vowels_Consonants\WPF_Vowels_Consonants.csproj", "{9CB35A35-17B3-4B3E-BA15-681095CAF0DC}"
EndProject
Project("{9A19103F-16F7-4668-BE54-9A1E7A4F7556}") = "WPF_Classes", "WPF_Classes\WPF_Classes.csproj", "{69C157E0-F8C8-44F3-990E-33AF0C642F97}"
EndProject
Project("{9A19103F-16F7-4668-BE54-9A1E7A4F7556}") = "WPF_Contact_List", "WPF_Contact_List\WPF_Contact_List.csproj", "{8644BF74-CB4A-4829-A1D2-F4531BACC856}"
EndProject
Project("{9A19103F-16F7-4668-BE54-9A1E7A4F7556}") = "JSON_Chuck_Norris_Jokes", "JSON_Chuck_Norris_Jokes\JSON_Chuck_Norris_Jokes.csproj", "{4E2C5E63-7C06-4E6E-BF37-FC6BEBBF3BCD}"
EndProject
Project("{9A19103F-16F7-4668-BE54-9A1E7A4F7556}") = "JSON_Pokemon", "JSON_Pokemon\JSON_Pokemon.csproj", "{64A6A2B7-6C98-42FF-A45F-F122041C683B}"
EndProject
Project("{FAE04EC0-301F-11D3-BF4B-00C04F79EFBC}") = "RickandMortyAPI", "RickandMortyAPI\RickandMortyAPI.csproj", "{F953B689-1931-4669-A844-2B1EBECF5D53}"
EndProject
Global
	GlobalSection(SolutionConfigurationPlatforms) = preSolution
		Debug|Any CPU = Debug|Any CPU
		Release|Any CPU = Release|Any CPU
	EndGlobalSection
	GlobalSection(ProjectConfigurationPlatforms) = postSolution
		{F85BDC7D-6A11-40BC-BE62-46275887A0FB}.Debug|Any CPU.ActiveCfg = Debug|Any CPU
		{F85BDC7D-6A11-40BC-BE62-46275887A0FB}.Debug|Any CPU.Build.0 = Debug|Any CPU
		{F85BDC7D-6A11-40BC-BE62-46275887A0FB}.Release|Any CPU.ActiveCfg = Release|Any CPU
		{F85BDC7D-6A11-40BC-BE62-46275887A0FB}.Release|Any CPU.Build.0 = Release|Any CPU
		{6B01113C-350F-4B33-BFFC-09554DD353ED}.Debug|Any CPU.ActiveCfg = Debug|Any CPU
		{6B01113C-350F-4B33-BFFC-09554DD353ED}.Debug|Any CPU.Build.0 = Debug|Any CPU
		{6B01113C-350F-4B33-BFFC-09554DD353ED}.Release|Any CPU.ActiveCfg = Release|Any CPU
		{6B01113C-350F-4B33-BFFC-09554DD353ED}.Release|Any CPU.Build.0 = Release|Any CPU
		{98360486-5D7C-4A5A-A272-E534EAA6D6CB}.Debug|Any CPU.ActiveCfg = Debug|Any CPU
		{98360486-5D7C-4A5A-A272-E534EAA6D6CB}.Debug|Any CPU.Build.0 = Debug|Any CPU
		{98360486-5D7C-4A5A-A272-E534EAA6D6CB}.Release|Any CPU.ActiveCfg = Release|Any CPU
		{98360486-5D7C-4A5A-A272-E534EAA6D6CB}.Release|Any CPU.Build.0 = Release|Any CPU
		{9CB35A35-17B3-4B3E-BA15-681095CAF0DC}.Debug|Any CPU.ActiveCfg = Debug|Any CPU
		{9CB35A35-17B3-4B3E-BA15-681095CAF0DC}.Debug|Any CPU.Build.0 = Debug|Any CPU
		{9CB35A35-17B3-4B3E-BA15-681095CAF0DC}.Release|Any CPU.ActiveCfg = Release|Any CPU
		{9CB35A35-17B3-4B3E-BA15-681095CAF0DC}.Release|Any CPU.Build.0 = Release|Any CPU
		{69C157E0-F8C8-44F3-990E-33AF0C642F97}.Debug|Any CPU.ActiveCfg = Debug|Any CPU
		{69C157E0-F8C8-44F3-990E-33AF0C642F97}.Debug|Any CPU.Build.0 = Debug|Any CPU
		{69C157E0-F8C8-44F3-990E-33AF0C642F97}.Release|Any CPU.ActiveCfg = Release|Any CPU
		{69C157E0-F8C8-44F3-990E-33AF0C642F97}.Release|Any CPU.Build.0 = Release|Any CPU
		{8644BF74-CB4A-4829-A1D2-F4531BACC856}.Debug|Any CPU.ActiveCfg = Debug|Any CPU
		{8644BF74-CB4A-4829-A1D2-F4531BACC856}.Debug|Any CPU.Build.0 = Debug|Any CPU
		{8644BF74-CB4A-4829-A1D2-F4531BACC856}.Release|Any CPU.ActiveCfg = Release|Any CPU
		{8644BF74-CB4A-4829-A1D2-F4531BACC856}.Release|Any CPU.Build.0 = Release|Any CPU
		{4E2C5E63-7C06-4E6E-BF37-FC6BEBBF3BCD}.Debug|Any CPU.ActiveCfg = Debug|Any CPU
		{4E2C5E63-7C06-4E6E-BF37-FC6BEBBF3BCD}.Debug|Any CPU.Build.0 = Debug|Any CPU
		{4E2C5E63-7C06-4E6E-BF37-FC6BEBBF3BCD}.Release|Any CPU.ActiveCfg = Release|Any CPU
		{4E2C5E63-7C06-4E6E-BF37-FC6BEBBF3BCD}.Release|Any CPU.Build.0 = Release|Any CPU
		{64A6A2B7-6C98-42FF-A45F-F122041C683B}.Debug|Any CPU.ActiveCfg = Debug|Any CPU
		{64A6A2B7-6C98-42FF-A45F-F122041C683B}.Debug|Any CPU.Build.0 = Debug|Any CPU
		{64A6A2B7-6C98-42FF-A45F-F122041C683B}.Release|Any CPU.ActiveCfg = Release|Any CPU
		{64A6A2B7-6C98-42FF-A45F-F122041C683B}.Release|Any CPU.Build.0 = Release|Any CPU
		{F953B689-1931-4669-A844-2B1EBECF5D53}.Debug|Any CPU.ActiveCfg = Debug|Any CPU
		{F953B689-1931-4669-A844-2B1EBECF5D53}.Debug|Any CPU.Build.0 = Debug|Any CPU
		{F953B689-1931-4669-A844-2B1EBECF5D53}.Release|Any CPU.ActiveCfg = Release|Any CPU
		{F953B689-1931-4669-A844-2B1EBECF5D53}.Release|Any CPU.Build.0 = Release|Any CPU
	EndGlobalSection
	GlobalSection(SolutionProperties) = preSolution
		HideSolutionNode = FALSE
	EndGlobalSection
	GlobalSection(ExtensibilityGlobals) = postSolution
		SolutionGuid = {51CCE060-71CC-40D7-B3E5-B76BB2E7F0DC}
	EndGlobalSection
EndGlobal
